
Microsoft Visual Studio Solution File, Format Version 12.00
# Visual Studio Version 17
VisualStudioVersion = 17.5.33414.496
MinimumVisualStudioVersion = 10.0.40219.1
Project("{FAE04EC0-301F-11D3-BF4B-00C04F79EFBC}") = "lab_08", "lab_08\lab_08.csproj", "{EBCFCEE4-6326-4D6E-8A86-FB3EB04B63AC}"
EndProject
Global
	GlobalSection(SolutionConfigurationPlatforms) = preSolution
		Debug|Any CPU = Debug|Any CPU
		Release|Any CPU = Release|Any CPU
	EndGlobalSection
	GlobalSection(ProjectConfigurationPlatforms) = postSolution
		{EBCFCEE4-6326-4D6E-8A86-FB3EB04B63AC}.Debug|Any CPU.ActiveCfg = Debug|Any CPU
		{EBCFCEE4-6326-4D6E-8A86-FB3EB04B63AC}.Debug|Any CPU.Build.0 = Debug|Any CPU
		{EBCFCEE4-6326-4D6E-8A86-FB3EB04B63AC}.Release|Any CPU.ActiveCfg = Release|Any CPU
		{EBCFCEE4-6326-4D6E-8A86-FB3EB04B63AC}.Release|Any CPU.Build.0 = Release|Any CPU
	EndGlobalSection
	GlobalSection(SolutionProperties) = preSolution
		HideSolutionNode = FALSE
	EndGlobalSection
	GlobalSection(ExtensibilityGlobals) = postSolution
		SolutionGuid = {D1FC900E-A151-4987-A1AF-403CF14DFBE4}
	EndGlobalSection
EndGlobal
